{"1.2.0",
[{<<"cowboy">>,{pkg,<<"cowboy">>,<<"2.18.0">>},0},
 {<<"cowlib">>,{pkg,<<"cowlib">>,<<"2.19.0">>},1},
 {<<"gun">>,{pkg,<<"gun">>,<<"2.4.1">>},0},
 {<<"jose">>,{pkg,<<"jose">>,<<"1.11.12">>},1},
 {<<"jsx">>,{pkg,<<"jsx">>,<<"3.1.0">>},0},
 {<<"oidcc">>,{pkg,<<"oidcc">>,<<"3.7.2">>},0},
 {<<"ranch">>,{pkg,<<"ranch">>,<<"2.2.1">>},1},
 {<<"telemetry">>,{pkg,<<"telemetry">>,<<"1.3.0">>},0},
 {<<"telemetry_registry">>,{pkg,<<"telemetry_registry">>,<<"0.3.2">>},1}]}.
[
{pkg_hash,[
 {<<"cowboy">>, <<"BFF388EB4D6356CB3F88C26E65B515976BF04B401B805D31550C3E60EBA8FE18">>},
 {<<"cowlib">>, <<"C9D11C9D035472E27A740C9F327786C61ED209269B4BE0260D59D3EC07B8949F">>},
 {<<"gun">>, <<"C3A8BFF8E155E1FC8E499216599BB7EFFBD27BC1985662A8B25016090DC18428">>},
 {<<"jose">>, <<"06E62B467B61D3726CBC19E9B5489F7549C37993DE846DFB3EE8259F9ED208B3">>},
 {<<"jsx">>, <<"D12516BAA0BB23A59BB35DCCAF02A1BD08243FCBB9EFE24F2D9D056CCFF71268">>},
 {<<"oidcc">>, <<"2047949832CA7984D6D9C218CC5F23E8096BF50EBB809124D3A01673EE2BFE12">>},
 {<<"ranch">>, <<"FC2BB0E800EFBEAB8FF82EB325450B9C08653B14C3F69E8B09BBEA304973105D">>},
 {<<"telemetry">>, <<"FEDEBBAE410D715CF8E7062C96A1EF32EC22E764197F70CDA73D82778D61E7A2">>},
 {<<"telemetry_registry">>, <<"701576890320BE6428189BFF963E865E8F23E0FF3615EADE8F78662BE0FC003C">>}]},
{pkg_hash_ext,[
 {<<"cowboy">>, <<"62D0B26ABCF455054972B0DA242389C69D5982CE5914AFB8C344517F667B9600">>},
 {<<"cowlib">>, <<"6DC66E3135B229193EA4DCB14294E79520C923D391315C9C962EF0B4BEA72356">>},
 {<<"gun">>, <<"1450575B4D393AA0811322727B90AD1DD94B5C10026F54A1641785BCBD250384">>},
 {<<"jose">>, <<"31E92B653E9210B696765CDD885437457DE1ADD2A9011D92F8CF63E4641BAB7B">>},
 {<<"jsx">>, <<"0C5CC8FDC11B53CC25CF65AC6705AD39E54ECC56D1C22E4ADB8F5A53FB9427F3">>},
 {<<"oidcc">>, <<"E3F1ED91509FDEB31EC8B9DE4ECDA0E80CB68B463A9F5B7A9EE1EE40E521E445">>},
 {<<"ranch">>, <<"55F05CCE20EC2DA1D90DE5D5981AFB93DBFC01325FC7E933189AA5C62F037C24">>},
 {<<"telemetry">>, <<"7015FC8919DBE63764F4B4B87A95B7C0996BD539E0D499BE6EC9D7F3875B79E6">>},
 {<<"telemetry_registry">>, <<"E7ED191EB1D115A3034AF8E1E35E4E63D5348851D556646D46CA3D1B4E16BAB9">>}]}
].
